
Microsoft Visual Studio Solution File, Format Version 12.00
# Visual Studio 15
VisualStudioVersion = 15.0.28307.1145
MinimumVisualStudioVersion = 10.0.40219.1
Project("{FAE04EC0-301F-11D3-BF4B-00C04F79EFBC}") = "nMessaging", "nMessaging\nMessaging.csproj", "{E977E41F-96DD-4B55-9445-962D0380B747}"
EndProject
Global
	GlobalSection(SolutionConfigurationPlatforms) = preSolution
		Debug|Any CPU = Debug|Any CPU
		Debug|Mixed Platforms = Debug|Mixed Platforms
		Debug|x86 = Debug|x86
		Release|Any CPU = Release|Any CPU
		Release|Mixed Platforms = Release|Mixed Platforms
		Release|x86 = Release|x86
	EndGlobalSection
	GlobalSection(ProjectConfigurationPlatforms) = postSolution
		{E977E41F-96DD-4B55-9445-962D0380B747}.Debug|Any CPU.ActiveCfg = Debug|Any CPU
		{E977E41F-96DD-4B55-9445-962D0380B747}.Debug|Any CPU.Build.0 = Debug|Any CPU
		{E977E41F-96DD-4B55-9445-962D0380B747}.Debug|Mixed Platforms.ActiveCfg = Debug|Any CPU
		{E977E41F-96DD-4B55-9445-962D0380B747}.Debug|Mixed Platforms.Build.0 = Debug|Any CPU
		{E977E41F-96DD-4B55-9445-962D0380B747}.Debug|x86.ActiveCfg = Debug|Any CPU
		{E977E41F-96DD-4B55-9445-962D0380B747}.Release|Any CPU.ActiveCfg = Release|Any CPU
		{E977E41F-96DD-4B55-9445-962D0380B747}.Release|Any CPU.Build.0 = Release|Any CPU
		{E977E41F-96DD-4B55-9445-962D0380B747}.Release|Mixed Platforms.ActiveCfg = Release|Any CPU
		{E977E41F-96DD-4B55-9445-962D0380B747}.Release|Mixed Platforms.Build.0 = Release|Any CPU
		{E977E41F-96DD-4B55-9445-962D0380B747}.Release|x86.ActiveCfg = Release|Any CPU
	EndGlobalSection
	GlobalSection(SolutionProperties) = preSolution
		HideSolutionNode = FALSE
	EndGlobalSection
	GlobalSection(ExtensibilityGlobals) = postSolution
		SolutionGuid = {A40BD334-FC67-4397-B846-461D6F722242}
	EndGlobalSection
EndGlobal
